// !$*UTF8*$!
{
	archiveVersion = 1;
	classes = {
	};
	objectVersion = 56;
	objects = {

/* Begin PBXBuildFile section */
		32232F902BB7F891006E17EC /* CategoryDataModel.swift in Sources */ = {isa = PBXBuildFile; fileRef = 32232F8F2BB7F891006E17EC /* CategoryDataModel.swift */; };
		32232F942BB7F98B006E17EC /* AddInfoViewModel.swift in Sources */ = {isa = PBXBuildFile; fileRef = 32232F932BB7F98B006E17EC /* AddInfoViewModel.swift */; };
		32534A982BAF1F2A00054FB3 /* HomeView.swift in Sources */ = {isa = PBXBuildFile; fileRef = 32534A972BAF1F2A00054FB3 /* HomeView.swift */; };
		32534A9A2BAF23D100054FB3 /* AddCategoryInfoView.swift in Sources */ = {isa = PBXBuildFile; fileRef = 32534A992BAF23D100054FB3 /* AddCategoryInfoView.swift */; };
		32534A9C2BAF23DD00054FB3 /* PortfolioView.swift in Sources */ = {isa = PBXBuildFile; fileRef = 32534A9B2BAF23DD00054FB3 /* PortfolioView.swift */; };
		32534AA02BAF2A1600054FB3 /* ProfileView.swift in Sources */ = {isa = PBXBuildFile; fileRef = 32534A9F2BAF2A1600054FB3 /* ProfileView.swift */; };
		32534AA22BAF2E1100054FB3 /* Terms&ConditionsView.swift in Sources */ = {isa = PBXBuildFile; fileRef = 32534AA12BAF2E1100054FB3 /* Terms&ConditionsView.swift */; };
		32534AA42BAF2EA800054FB3 /* ContactUs.swift in Sources */ = {isa = PBXBuildFile; fileRef = 32534AA32BAF2EA800054FB3 /* ContactUs.swift */; };
		325E123D2BB34BA200384774 /* CategoryDetailsListView.swift in Sources */ = {isa = PBXBuildFile; fileRef = 325E123C2BB34BA200384774 /* CategoryDetailsListView.swift */; };
		3297683E2BBE103400FA62AC /* PortfolioSectionSubView.swift in Sources */ = {isa = PBXBuildFile; fileRef = 3297683D2BBE103400FA62AC /* PortfolioSectionSubView.swift */; };
		329768402BBE106200FA62AC /* LeftSideViewPorfolio.swift in Sources */ = {isa = PBXBuildFile; fileRef = 3297683F2BBE106200FA62AC /* LeftSideViewPorfolio.swift */; };
		329C95DD2BBAE99C00FF720F /* SignUpModel.swift in Sources */ = {isa = PBXBuildFile; fileRef = 329C95DC2BBAE99C00FF720F /* SignUpModel.swift */; };
		329C95DF2BBB172700FF720F /* SignUpViewModel.swift in Sources */ = {isa = PBXBuildFile; fileRef = 329C95DE2BBB172700FF720F /* SignUpViewModel.swift */; };
		329DAAC02BBEAAFE009F3B0C /* Utilities.swift in Sources */ = {isa = PBXBuildFile; fileRef = 329DAABF2BBEAAFE009F3B0C /* Utilities.swift */; };
		329DAAC22BBF50CF009F3B0C /* KeyChainHelper.swift in Sources */ = {isa = PBXBuildFile; fileRef = 329DAAC12BBF50CF009F3B0C /* KeyChainHelper.swift */; };
		329DAAC52BBF55C5009F3B0C /* Constants.swift in Sources */ = {isa = PBXBuildFile; fileRef = 329DAAC42BBF55C5009F3B0C /* Constants.swift */; };
		32B7FD722BAEFF140081AE16 /* PortfolifyApp.swift in Sources */ = {isa = PBXBuildFile; fileRef = 32B7FD712BAEFF140081AE16 /* PortfolifyApp.swift */; };
		32B7FD742BAEFF140081AE16 /* ContentView.swift in Sources */ = {isa = PBXBuildFile; fileRef = 32B7FD732BAEFF140081AE16 /* ContentView.swift */; };
		32B7FD762BAEFF160081AE16 /* Assets.xcassets in Resources */ = {isa = PBXBuildFile; fileRef = 32B7FD752BAEFF160081AE16 /* Assets.xcassets */; };
		32B7FD792BAEFF160081AE16 /* Preview Assets.xcassets in Resources */ = {isa = PBXBuildFile; fileRef = 32B7FD782BAEFF160081AE16 /* Preview Assets.xcassets */; };
		32B7FD812BAF08D20081AE16 /* LoginView.swift in Sources */ = {isa = PBXBuildFile; fileRef = 32B7FD802BAF08D20081AE16 /* LoginView.swift */; };
		32B7FD832BAF08DF0081AE16 /* SignUpView.swift in Sources */ = {isa = PBXBuildFile; fileRef = 32B7FD822BAF08DF0081AE16 /* SignUpView.swift */; };
		32C2AE6E2BB8B54E00A1477D /* EditInfoListView.swift in Sources */ = {isa = PBXBuildFile; fileRef = 32C2AE6D2BB8B54E00A1477D /* EditInfoListView.swift */; };
		32D82AE92BB8C05F00A8693C /* EmptyStateDetails.swift in Sources */ = {isa = PBXBuildFile; fileRef = 32D82AE82BB8C05F00A8693C /* EmptyStateDetails.swift */; };
		32D82AEC2BB8C71800A8693C /* PhotoSelectorView.swift in Sources */ = {isa = PBXBuildFile; fileRef = 32D82AEB2BB8C71800A8693C /* PhotoSelectorView.swift */; };
/* End PBXBuildFile section */

/* Begin PBXFileReference section */
		32232F8F2BB7F891006E17EC /* CategoryDataModel.swift */ = {isa = PBXFileReference; lastKnownFileType = sourcecode.swift; path = CategoryDataModel.swift; sourceTree = "<group>"; };
		32232F932BB7F98B006E17EC /* AddInfoViewModel.swift */ = {isa = PBXFileReference; lastKnownFileType = sourcecode.swift; path = AddInfoViewModel.swift; sourceTree = "<group>"; };
		32534A972BAF1F2A00054FB3 /* HomeView.swift */ = {isa = PBXFileReference; lastKnownFileType = sourcecode.swift; path = HomeView.swift; sourceTree = "<group>"; };
		32534A992BAF23D100054FB3 /* AddCategoryInfoView.swift */ = {isa = PBXFileReference; lastKnownFileType = sourcecode.swift; path = AddCategoryInfoView.swift; sourceTree = "<group>"; };
		32534A9B2BAF23DD00054FB3 /* PortfolioView.swift */ = {isa = PBXFileReference; lastKnownFileType = sourcecode.swift; path = PortfolioView.swift; sourceTree = "<group>"; };
		32534A9F2BAF2A1600054FB3 /* ProfileView.swift */ = {isa = PBXFileReference; lastKnownFileType = sourcecode.swift; path = ProfileView.swift; sourceTree = "<group>"; };
		32534AA12BAF2E1100054FB3 /* Terms&ConditionsView.swift */ = {isa = PBXFileReference; lastKnownFileType = sourcecode.swift; path = "Terms&ConditionsView.swift"; sourceTree = "<group>"; };
		32534AA32BAF2EA800054FB3 /* ContactUs.swift */ = {isa = PBXFileReference; lastKnownFileType = sourcecode.swift; path = ContactUs.swift; sourceTree = "<group>"; };
		325E123C2BB34BA200384774 /* CategoryDetailsListView.swift */ = {isa = PBXFileReference; lastKnownFileType = sourcecode.swift; path = CategoryDetailsListView.swift; sourceTree = "<group>"; };
		3297683D2BBE103400FA62AC /* PortfolioSectionSubView.swift */ = {isa = PBXFileReference; lastKnownFileType = sourcecode.swift; path = PortfolioSectionSubView.swift; sourceTree = "<group>"; };
		3297683F2BBE106200FA62AC /* LeftSideViewPorfolio.swift */ = {isa = PBXFileReference; lastKnownFileType = sourcecode.swift; path = LeftSideViewPorfolio.swift; sourceTree = "<group>"; };
		329C95DC2BBAE99C00FF720F /* SignUpModel.swift */ = {isa = PBXFileReference; lastKnownFileType = sourcecode.swift; path = SignUpModel.swift; sourceTree = "<group>"; };
		329C95DE2BBB172700FF720F /* SignUpViewModel.swift */ = {isa = PBXFileReference; lastKnownFileType = sourcecode.swift; path = SignUpViewModel.swift; sourceTree = "<group>"; };
		329DAABF2BBEAAFE009F3B0C /* Utilities.swift */ = {isa = PBXFileReference; lastKnownFileType = sourcecode.swift; path = Utilities.swift; sourceTree = "<group>"; };
		329DAAC12BBF50CF009F3B0C /* KeyChainHelper.swift */ = {isa = PBXFileReference; lastKnownFileType = sourcecode.swift; path = KeyChainHelper.swift; sourceTree = "<group>"; };
		329DAAC32BBF54EA009F3B0C /* Portfolify.entitlements */ = {isa = PBXFileReference; lastKnownFileType = text.plist.entitlements; path = Portfolify.entitlements; sourceTree = "<group>"; };
		329DAAC42BBF55C5009F3B0C /* Constants.swift */ = {isa = PBXFileReference; lastKnownFileType = sourcecode.swift; path = Constants.swift; sourceTree = "<group>"; };
		32B7FD6E2BAEFF140081AE16 /* Portfolify.app */ = {isa = PBXFileReference; explicitFileType = wrapper.application; includeInIndex = 0; path = Portfolify.app; sourceTree = BUILT_PRODUCTS_DIR; };
		32B7FD712BAEFF140081AE16 /* PortfolifyApp.swift */ = {isa = PBXFileReference; lastKnownFileType = sourcecode.swift; path = PortfolifyApp.swift; sourceTree = "<group>"; };
		32B7FD732BAEFF140081AE16 /* ContentView.swift */ = {isa = PBXFileReference; lastKnownFileType = sourcecode.swift; path = ContentView.swift; sourceTree = "<group>"; };
		32B7FD752BAEFF160081AE16 /* Assets.xcassets */ = {isa = PBXFileReference; lastKnownFileType = folder.assetcatalog; path = Assets.xcassets; sourceTree = "<group>"; };
		32B7FD782BAEFF160081AE16 /* Preview Assets.xcassets */ = {isa = PBXFileReference; lastKnownFileType = folder.assetcatalog; path = "Preview Assets.xcassets"; sourceTree = "<group>"; };
		32B7FD802BAF08D20081AE16 /* LoginView.swift */ = {isa = PBXFileReference; lastKnownFileType = sourcecode.swift; path = LoginView.swift; sourceTree = "<group>"; };
		32B7FD822BAF08DF0081AE16 /* SignUpView.swift */ = {isa = PBXFileReference; lastKnownFileType = sourcecode.swift; path = SignUpView.swift; sourceTree = "<group>"; };
		32C2AE6D2BB8B54E00A1477D /* EditInfoListView.swift */ = {isa = PBXFileReference; lastKnownFileType = sourcecode.swift; path = EditInfoListView.swift; sourceTree = "<group>"; };
		32D82AE82BB8C05F00A8693C /* EmptyStateDetails.swift */ = {isa = PBXFileReference; lastKnownFileType = sourcecode.swift; path = EmptyStateDetails.swift; sourceTree = "<group>"; };
		32D82AEB2BB8C71800A8693C /* PhotoSelectorView.swift */ = {isa = PBXFileReference; lastKnownFileType = sourcecode.swift; path = PhotoSelectorView.swift; sourceTree = "<group>"; };
/* End PBXFileReference section */

/* Begin PBXFrameworksBuildPhase section */
		32B7FD6B2BAEFF140081AE16 /* Frameworks */ = {
			isa = PBXFrameworksBuildPhase;
			buildActionMask = 2147483647;
			files = (
			);
			runOnlyForDeploymentPostprocessing = 0;
		};
/* End PBXFrameworksBuildPhase section */

/* Begin PBXGroup section */
		32232F8E2BB7F876006E17EC /* Models */ = {
			isa = PBXGroup;
			children = (
				32232F8F2BB7F891006E17EC /* CategoryDataModel.swift */,
				329C95DC2BBAE99C00FF720F /* SignUpModel.swift */,
			);
			path = Models;
			sourceTree = "<group>";
		};
		32232F912BB7F90F006E17EC /* Authentication */ = {
			isa = PBXGroup;
			children = (
				32B7FD822BAF08DF0081AE16 /* SignUpView.swift */,
				32B7FD802BAF08D20081AE16 /* LoginView.swift */,
			);
			path = Authentication;
			sourceTree = "<group>";
		};
		32232F922BB7F973006E17EC /* ViewModels */ = {
			isa = PBXGroup;
			children = (
				32232F932BB7F98B006E17EC /* AddInfoViewModel.swift */,
				329C95DE2BBB172700FF720F /* SignUpViewModel.swift */,
			);
			path = ViewModels;
			sourceTree = "<group>";
		};
		32534A9D2BAF29E700054FB3 /* TabViews */ = {
			isa = PBXGroup;
			children = (
				32534A9E2BAF2A0600054FB3 /* Home */,
				325E123B2BB34B7300384774 /* AddInfo */,
				3297683C2BBE101500FA62AC /* Portfolio */,
			);
			path = TabViews;
			sourceTree = "<group>";
		};
		32534A9E2BAF2A0600054FB3 /* Home */ = {
			isa = PBXGroup;
			children = (
				32534A972BAF1F2A00054FB3 /* HomeView.swift */,
				32534A9F2BAF2A1600054FB3 /* ProfileView.swift */,
				32534AA12BAF2E1100054FB3 /* Terms&ConditionsView.swift */,
				32534AA32BAF2EA800054FB3 /* ContactUs.swift */,
				32D82AEB2BB8C71800A8693C /* PhotoSelectorView.swift */,
			);
			path = Home;
			sourceTree = "<group>";
		};
		325E123B2BB34B7300384774 /* AddInfo */ = {
			isa = PBXGroup;
			children = (
				32534A992BAF23D100054FB3 /* AddCategoryInfoView.swift */,
				325E123C2BB34BA200384774 /* CategoryDetailsListView.swift */,
				32C2AE6D2BB8B54E00A1477D /* EditInfoListView.swift */,
			);
			path = AddInfo;
			sourceTree = "<group>";
		};
		3297683C2BBE101500FA62AC /* Portfolio */ = {
			isa = PBXGroup;
			children = (
				32534A9B2BAF23DD00054FB3 /* PortfolioView.swift */,
				3297683F2BBE106200FA62AC /* LeftSideViewPorfolio.swift */,
				3297683D2BBE103400FA62AC /* PortfolioSectionSubView.swift */,
			);
			path = Portfolio;
			sourceTree = "<group>";
		};
		329DAABE2BBEAAEB009F3B0C /* Utilities */ = {
			isa = PBXGroup;
			children = (
				329DAABF2BBEAAFE009F3B0C /* Utilities.swift */,
				329DAAC12BBF50CF009F3B0C /* KeyChainHelper.swift */,
				329DAAC42BBF55C5009F3B0C /* Constants.swift */,
			);
			path = Utilities;
			sourceTree = "<group>";
		};
		32B7FD652BAEFF140081AE16 = {
			isa = PBXGroup;
			children = (
				32B7FD702BAEFF140081AE16 /* Portfolify */,
				32B7FD6F2BAEFF140081AE16 /* Products */,
			);
			sourceTree = "<group>";
		};
		32B7FD6F2BAEFF140081AE16 /* Products */ = {
			isa = PBXGroup;
			children = (
				32B7FD6E2BAEFF140081AE16 /* Portfolify.app */,
			);
			name = Products;
			sourceTree = "<group>";
		};
		32B7FD702BAEFF140081AE16 /* Portfolify */ = {
			isa = PBXGroup;
			children = (
				329DAAC32BBF54EA009F3B0C /* Portfolify.entitlements */,
				329DAABE2BBEAAEB009F3B0C /* Utilities */,
				32232F922BB7F973006E17EC /* ViewModels */,
				32232F8E2BB7F876006E17EC /* Models */,
				32B7FD7F2BAF08C30081AE16 /* Views */,
				32B7FD732BAEFF140081AE16 /* ContentView.swift */,
				32B7FD712BAEFF140081AE16 /* PortfolifyApp.swift */,
				32B7FD752BAEFF160081AE16 /* Assets.xcassets */,
				32B7FD772BAEFF160081AE16 /* Preview Content */,
			);
			path = Portfolify;
			sourceTree = "<group>";
		};
		32B7FD772BAEFF160081AE16 /* Preview Content */ = {
			isa = PBXGroup;
			children = (
				32B7FD782BAEFF160081AE16 /* Preview Assets.xcassets */,
			);
			path = "Preview Content";
			sourceTree = "<group>";
		};
		32B7FD7F2BAF08C30081AE16 /* Views */ = {
			isa = PBXGroup;
			children = (
				32D82AEA2BB8C06400A8693C /* EmptyStateDetails */,
				32232F912BB7F90F006E17EC /* Authentication */,
				32534A9D2BAF29E700054FB3 /* TabViews */,
			);
			path = Views;
			sourceTree = "<group>";
		};
		32D82AEA2BB8C06400A8693C /* EmptyStateDetails */ = {
			isa = PBXGroup;
			children = (
				32D82AE82BB8C05F00A8693C /* EmptyStateDetails.swift */,
			);
			path = EmptyStateDetails;
			sourceTree = "<group>";
		};
/* End PBXGroup section */

/* Begin PBXNativeTarget section */
		32B7FD6D2BAEFF140081AE16 /* Portfolify */ = {
			isa = PBXNativeTarget;
			buildConfigurationList = 32B7FD7C2BAEFF160081AE16 /* Build configuration list for PBXNativeTarget "Portfolify" */;
			buildPhases = (
				32B7FD6A2BAEFF140081AE16 /* Sources */,
				32B7FD6B2BAEFF140081AE16 /* Frameworks */,
				32B7FD6C2BAEFF140081AE16 /* Resources */,
			);
			buildRules = (
			);
			dependencies = (
			);
			name = Portfolify;
			productName = Portfolify;
			productReference = 32B7FD6E2BAEFF140081AE16 /* Portfolify.app */;
			productType = "com.apple.product-type.application";
		};
/* End PBXNativeTarget section */

/* Begin PBXProject section */
		32B7FD662BAEFF140081AE16 /* Project object */ = {
			isa = PBXProject;
			attributes = {
				BuildIndependentTargetsInParallel = 1;
				LastSwiftUpdateCheck = 1500;
				LastUpgradeCheck = 1500;
				TargetAttributes = {
					32B7FD6D2BAEFF140081AE16 = {
						CreatedOnToolsVersion = 15.0;
					};
				};
			};
			buildConfigurationList = 32B7FD692BAEFF140081AE16 /* Build configuration list for PBXProject "Portfolify" */;
			compatibilityVersion = "Xcode 14.0";
			developmentRegion = en;
			hasScannedForEncodings = 0;
			knownRegions = (
				en,
				Base,
			);
			mainGroup = 32B7FD652BAEFF140081AE16;
			productRefGroup = 32B7FD6F2BAEFF140081AE16 /* Products */;
			projectDirPath = "";
			projectRoot = "";
			targets = (
				32B7FD6D2BAEFF140081AE16 /* Portfolify */,
			);
		};
/* End PBXProject section */

/* Begin PBXResourcesBuildPhase section */
		32B7FD6C2BAEFF140081AE16 /* Resources */ = {
			isa = PBXResourcesBuildPhase;
			buildActionMask = 2147483647;
			files = (
				32B7FD792BAEFF160081AE16 /* Preview Assets.xcassets in Resources */,
				32B7FD762BAEFF160081AE16 /* Assets.xcassets in Resources */,
			);
			runOnlyForDeploymentPostprocessing = 0;
		};
/* End PBXResourcesBuildPhase section */

/* Begin PBXSourcesBuildPhase section */
		32B7FD6A2BAEFF140081AE16 /* Sources */ = {
			isa = PBXSourcesBuildPhase;
			buildActionMask = 2147483647;
			files = (
				32534AA42BAF2EA800054FB3 /* ContactUs.swift in Sources */,
				32232F942BB7F98B006E17EC /* AddInfoViewModel.swift in Sources */,
				329C95DD2BBAE99C00FF720F /* SignUpModel.swift in Sources */,
				32C2AE6E2BB8B54E00A1477D /* EditInfoListView.swift in Sources */,
				329C95DF2BBB172700FF720F /* SignUpViewModel.swift in Sources */,
				329DAAC22BBF50CF009F3B0C /* KeyChainHelper.swift in Sources */,
				329DAAC52BBF55C5009F3B0C /* Constants.swift in Sources */,
				32534A9A2BAF23D100054FB3 /* AddCategoryInfoView.swift in Sources */,
				32534AA02BAF2A1600054FB3 /* ProfileView.swift in Sources */,
				325E123D2BB34BA200384774 /* CategoryDetailsListView.swift in Sources */,
				32534AA22BAF2E1100054FB3 /* Terms&ConditionsView.swift in Sources */,
				329DAAC02BBEAAFE009F3B0C /* Utilities.swift in Sources */,
				32B7FD832BAF08DF0081AE16 /* SignUpView.swift in Sources */,
				329768402BBE106200FA62AC /* LeftSideViewPorfolio.swift in Sources */,
				3297683E2BBE103400FA62AC /* PortfolioSectionSubView.swift in Sources */,
				32D82AEC2BB8C71800A8693C /* PhotoSelectorView.swift in Sources */,
				32B7FD812BAF08D20081AE16 /* LoginView.swift in Sources */,
				32D82AE92BB8C05F00A8693C /* EmptyStateDetails.swift in Sources */,
				32534A9C2BAF23DD00054FB3 /* PortfolioView.swift in Sources */,
				32B7FD742BAEFF140081AE16 /* ContentView.swift in Sources */,
				32534A982BAF1F2A00054FB3 /* HomeView.swift in Sources */,
				32B7FD722BAEFF140081AE16 /* PortfolifyApp.swift in Sources */,
				32232F902BB7F891006E17EC /* CategoryDataModel.swift in Sources */,
			);
			runOnlyForDeploymentPostprocessing = 0;
		};
/* End PBXSourcesBuildPhase section */

/* Begin XCBuildConfiguration section */
		32B7FD7A2BAEFF160081AE16 /* Debug */ = {
			isa = XCBuildConfiguration;
			buildSettings = {
				ALWAYS_SEARCH_USER_PATHS = NO;
				ASSETCATALOG_COMPILER_GENERATE_SWIFT_ASSET_SYMBOL_EXTENSIONS = YES;
				CLANG_ANALYZER_NONNULL = YES;
				CLANG_ANALYZER_NUMBER_OBJECT_CONVERSION = YES_AGGRESSIVE;
				CLANG_CXX_LANGUAGE_STANDARD = "gnu++20";
				CLANG_ENABLE_MODULES = YES;
				CLANG_ENABLE_OBJC_ARC = YES;
				CLANG_ENABLE_OBJC_WEAK = YES;
				CLANG_WARN_BLOCK_CAPTURE_AUTORELEASING = YES;
				CLANG_WARN_BOOL_CONVERSION = YES;
				CLANG_WARN_COMMA = YES;
				CLANG_WARN_CONSTANT_CONVERSION = YES;
				CLANG_WARN_DEPRECATED_OBJC_IMPLEMENTATIONS = YES;
				CLANG_WARN_DIRECT_OBJC_ISA_USAGE = YES_ERROR;
				CLANG_WARN_DOCUMENTATION_COMMENTS = YES;
				CLANG_WARN_EMPTY_BODY = YES;
				CLANG_WARN_ENUM_CONVERSION = YES;
				CLANG_WARN_INFINITE_RECURSION = YES;
				CLANG_WARN_INT_CONVERSION = YES;
				CLANG_WARN_NON_LITERAL_NULL_CONVERSION = YES;
				CLANG_WARN_OBJC_IMPLICIT_RETAIN_SELF = YES;
				CLANG_WARN_OBJC_LITERAL_CONVERSION = YES;
				CLANG_WARN_OBJC_ROOT_CLASS = YES_ERROR;
				CLANG_WARN_QUOTED_INCLUDE_IN_FRAMEWORK_HEADER = YES;
				CLANG_WARN_RANGE_LOOP_ANALYSIS = YES;
				CLANG_WARN_STRICT_PROTOTYPES = YES;
				CLANG_WARN_SUSPICIOUS_MOVE = YES;
				CLANG_WARN_UNGUARDED_AVAILABILITY = YES_AGGRESSIVE;
				CLANG_WARN_UNREACHABLE_CODE = YES;
				CLANG_WARN__DUPLICATE_METHOD_MATCH = YES;
				COPY_PHASE_STRIP = NO;
				DEBUG_INFORMATION_FORMAT = dwarf;
				ENABLE_STRICT_OBJC_MSGSEND = YES;
				ENABLE_TESTABILITY = YES;
				ENABLE_USER_SCRIPT_SANDBOXING = YES;
				GCC_C_LANGUAGE_STANDARD = gnu17;
				GCC_DYNAMIC_NO_PIC = NO;
				GCC_NO_COMMON_BLOCKS = YES;
				GCC_OPTIMIZATION_LEVEL = 0;
				GCC_PREPROCESSOR_DEFINITIONS = (
					"DEBUG=1",
					"$(inherited)",
				);
				GCC_WARN_64_TO_32_BIT_CONVERSION = YES;
				GCC_WARN_ABOUT_RETURN_TYPE = YES_ERROR;
				GCC_WARN_UNDECLARED_SELECTOR = YES;
				GCC_WARN_UNINITIALIZED_AUTOS = YES_AGGRESSIVE;
				GCC_WARN_UNUSED_FUNCTION = YES;
				GCC_WARN_UNUSED_VARIABLE = YES;
				IPHONEOS_DEPLOYMENT_TARGET = 17.0;
				LOCALIZATION_PREFERS_STRING_CATALOGS = YES;
				MTL_ENABLE_DEBUG_INFO = INCLUDE_SOURCE;
				MTL_FAST_MATH = YES;
				ONLY_ACTIVE_ARCH = YES;
				SDKROOT = iphoneos;
				SWIFT_ACTIVE_COMPILATION_CONDITIONS = "DEBUG $(inherited)";
				SWIFT_OPTIMIZATION_LEVEL = "-Onone";
			};
			name = Debug;
		};
		32B7FD7B2BAEFF160081AE16 /* Release */ = {
			isa = XCBuildConfiguration;
			buildSettings = {
				ALWAYS_SEARCH_USER_PATHS = NO;
				ASSETCATALOG_COMPILER_GENERATE_SWIFT_ASSET_SYMBOL_EXTENSIONS = YES;
				CLANG_ANALYZER_NONNULL = YES;
				CLANG_ANALYZER_NUMBER_OBJECT_CONVERSION = YES_AGGRESSIVE;
				CLANG_CXX_LANGUAGE_STANDARD = "gnu++20";
				CLANG_ENABLE_MODULES = YES;
				CLANG_ENABLE_OBJC_ARC = YES;
				CLANG_ENABLE_OBJC_WEAK = YES;
				CLANG_WARN_BLOCK_CAPTURE_AUTORELEASING = YES;
				CLANG_WARN_BOOL_CONVERSION = YES;
				CLANG_WARN_COMMA = YES;
				CLANG_WARN_CONSTANT_CONVERSION = YES;
				CLANG_WARN_DEPRECATED_OBJC_IMPLEMENTATIONS = YES;
				CLANG_WARN_DIRECT_OBJC_ISA_USAGE = YES_ERROR;
				CLANG_WARN_DOCUMENTATION_COMMENTS = YES;
				CLANG_WARN_EMPTY_BODY = YES;
				CLANG_WARN_ENUM_CONVERSION = YES;
				CLANG_WARN_INFINITE_RECURSION = YES;
				CLANG_WARN_INT_CONVERSION = YES;
				CLANG_WARN_NON_LITERAL_NULL_CONVERSION = YES;
				CLANG_WARN_OBJC_IMPLICIT_RETAIN_SELF = YES;
				CLANG_WARN_OBJC_LITERAL_CONVERSION = YES;
				CLANG_WARN_OBJC_ROOT_CLASS = YES_ERROR;
				CLANG_WARN_QUOTED_INCLUDE_IN_FRAMEWORK_HEADER = YES;
				CLANG_WARN_RANGE_LOOP_ANALYSIS = YES;
				CLANG_WARN_STRICT_PROTOTYPES = YES;
				CLANG_WARN_SUSPICIOUS_MOVE = YES;
				CLANG_WARN_UNGUARDED_AVAILABILITY = YES_AGGRESSIVE;
				CLANG_WARN_UNREACHABLE_CODE = YES;
				CLANG_WARN__DUPLICATE_METHOD_MATCH = YES;
				COPY_PHASE_STRIP = NO;
				DEBUG_INFORMATION_FORMAT = "dwarf-with-dsym";
				ENABLE_NS_ASSERTIONS = NO;
				ENABLE_STRICT_OBJC_MSGSEND = YES;
				ENABLE_USER_SCRIPT_SANDBOXING = YES;
				GCC_C_LANGUAGE_STANDARD = gnu17;
				GCC_NO_COMMON_BLOCKS = YES;
				GCC_WARN_64_TO_32_BIT_CONVERSION = YES;
				GCC_WARN_ABOUT_RETURN_TYPE = YES_ERROR;
				GCC_WARN_UNDECLARED_SELECTOR = YES;
				GCC_WARN_UNINITIALIZED_AUTOS = YES_AGGRESSIVE;
				GCC_WARN_UNUSED_FUNCTION = YES;
				GCC_WARN_UNUSED_VARIABLE = YES;
				IPHONEOS_DEPLOYMENT_TARGET = 17.0;
				LOCALIZATION_PREFERS_STRING_CATALOGS = YES;
				MTL_ENABLE_DEBUG_INFO = NO;
				MTL_FAST_MATH = YES;
				SDKROOT = iphoneos;
				SWIFT_COMPILATION_MODE = wholemodule;
				VALIDATE_PRODUCT = YES;
			};
			name = Release;
		};
		32B7FD7D2BAEFF160081AE16 /* Debug */ = {
			isa = XCBuildConfiguration;
			buildSettings = {
				ASSETCATALOG_COMPILER_APPICON_NAME = AppIcon;
				ASSETCATALOG_COMPILER_GLOBAL_ACCENT_COLOR_NAME = AccentColor;
				CODE_SIGN_ENTITLEMENTS = Portfolify/Portfolify.entitlements;
				CODE_SIGN_STYLE = Automatic;
				CURRENT_PROJECT_VERSION = 1;
				DEVELOPMENT_ASSET_PATHS = "\"Portfolify/Preview Content\"";
				ENABLE_PREVIEWS = YES;
				GENERATE_INFOPLIST_FILE = YES;
				INFOPLIST_KEY_UIApplicationSceneManifest_Generation = YES;
				INFOPLIST_KEY_UIApplicationSupportsIndirectInputEvents = YES;
				INFOPLIST_KEY_UILaunchScreen_Generation = YES;
				INFOPLIST_KEY_UISupportedInterfaceOrientations = UIInterfaceOrientationPortrait;
				IPHONEOS_DEPLOYMENT_TARGET = 17.0;
				LD_RUNPATH_SEARCH_PATHS = (
					"$(inherited)",
					"@executable_path/Frameworks",
				);
				MARKETING_VERSION = 1.0;
				PRODUCT_BUNDLE_IDENTIFIER = com.zehan.Portfolify;
				PRODUCT_NAME = "$(TARGET_NAME)";
				SWIFT_EMIT_LOC_STRINGS = YES;
				SWIFT_VERSION = 5.0;
				TARGETED_DEVICE_FAMILY = "1,2";
			};
			name = Debug;
		};
		32B7FD7E2BAEFF160081AE16 /* Release */ = {
			isa = XCBuildConfiguration;
			buildSettings = {
				ASSETCATALOG_COMPILER_APPICON_NAME = AppIcon;
				ASSETCATALOG_COMPILER_GLOBAL_ACCENT_COLOR_NAME = AccentColor;
				CODE_SIGN_ENTITLEMENTS = Portfolify/Portfolify.entitlements;
				CODE_SIGN_STYLE = Automatic;
				CURRENT_PROJECT_VERSION = 1;
				DEVELOPMENT_ASSET_PATHS = "\"Portfolify/Preview Content\"";
				ENABLE_PREVIEWS = YES;
				GENERATE_INFOPLIST_FILE = YES;
				INFOPLIST_KEY_UIApplicationSceneManifest_Generation = YES;
				INFOPLIST_KEY_UIApplicationSupportsIndirectInputEvents = YES;
				INFOPLIST_KEY_UILaunchScreen_Generation = YES;
				INFOPLIST_KEY_UISupportedInterfaceOrientations = UIInterfaceOrientationPortrait;
				IPHONEOS_DEPLOYMENT_TARGET = 17.0;
				LD_RUNPATH_SEARCH_PATHS = (
					"$(inherited)",
					"@executable_path/Frameworks",
				);
				MARKETING_VERSION = 1.0;
				PRODUCT_BUNDLE_IDENTIFIER = com.zehan.Portfolify;
				PRODUCT_NAME = "$(TARGET_NAME)";
				SWIFT_EMIT_LOC_STRINGS = YES;
				SWIFT_VERSION = 5.0;
				TARGETED_DEVICE_FAMILY = "1,2";
			};
			name = Release;
		};
/* End XCBuildConfiguration section */

/* Begin XCConfigurationList section */
		32B7FD692BAEFF140081AE16 /* Build configuration list for PBXProject "Portfolify" */ = {
			isa = XCConfigurationList;
			buildConfigurations = (
				32B7FD7A2BAEFF160081AE16 /* Debug */,
				32B7FD7B2BAEFF160081AE16 /* Release */,
			);
			defaultConfigurationIsVisible = 0;
			defaultConfigurationName = Release;
		};
		32B7FD7C2BAEFF160081AE16 /* Build configuration list for PBXNativeTarget "Portfolify" */ = {
			isa = XCConfigurationList;
			buildConfigurations = (
				32B7FD7D2BAEFF160081AE16 /* Debug */,
				32B7FD7E2BAEFF160081AE16 /* Release */,
			);
			defaultConfigurationIsVisible = 0;
			defaultConfigurationName = Release;
		};
/* End XCConfigurationList section */
	};
	rootObject = 32B7FD662BAEFF140081AE16 /* Project object */;
}
